
Microsoft Visual Studio Solution File, Format Version 12.00
# Visual Studio Version 16
VisualStudioVersion = 16.0.28803.202
MinimumVisualStudioVersion = 10.0.40219.1
Project("{2150E333-8FDC-42A3-9474-1A3956D46DE8}") = "src", "src", "{A9692D21-8091-4A3F-8F7C-54B821EFDF97}"
	ProjectSection(SolutionItems) = preProject
		src\Directory.Build.props = src\Directory.Build.props
		src\Directory.Build.targets = src\Directory.Build.targets
	EndProjectSection
EndProject
Project("{2150E333-8FDC-42A3-9474-1A3956D46DE8}") = "test", "test", "{54E87113-D720-41C2-A0DE-C4D61FB15AE5}"
	ProjectSection(SolutionItems) = preProject
		test\Directory.Build.props = test\Directory.Build.props
		test\Directory.Build.targets = test\Directory.Build.targets
	EndProjectSection
EndProject
Project("{2150E333-8FDC-42A3-9474-1A3956D46DE8}") = "Solution Items", "Solution Items", "{EEF09A92-D2CB-4107-A2D8-67FFC42DBC3E}"
	ProjectSection(SolutionItems) = preProject
		azure-pipelines-1.yml = azure-pipelines-1.yml
		azure-pipelines.yml = azure-pipelines.yml
		CODE_OF_CONDUCT.md = CODE_OF_CONDUCT.md
		Directory.Build.props = Directory.Build.props
		Directory.Build.targets = Directory.Build.targets
		LICENSE = LICENSE
		README.md = README.md
	EndProjectSection
EndProject
Project("{9A19103F-16F7-4668-BE54-9A1E7A4F7556}") = "Kledex", "src\Kledex\Kledex.csproj", "{E70FB190-16A9-4C74-86B0-766A135FE556}"
EndProject
Project("{9A19103F-16F7-4668-BE54-9A1E7A4F7556}") = "Kledex.Store.EF", "src\Kledex.Store.EF\Kledex.Store.EF.csproj", "{1A11F0DD-BF65-4A0C-B61F-FD89646F2554}"
EndProject
Project("{9A19103F-16F7-4668-BE54-9A1E7A4F7556}") = "Kledex.Store.EF.SqlServer", "src\Kledex.Store.EF.SqlServer\Kledex.Store.EF.SqlServer.csproj", "{62C4D2A3-C7D4-41AC-A1AD-2CC2E2F38AFB}"
EndProject
Project("{9A19103F-16F7-4668-BE54-9A1E7A4F7556}") = "Kledex.Store.EF.MySql", "src\Kledex.Store.EF.MySql\Kledex.Store.EF.MySql.csproj", "{150521FC-AC83-409B-9D45-D9CA73E1DCA3}"
EndProject
Project("{9A19103F-16F7-4668-BE54-9A1E7A4F7556}") = "Kledex.Store.EF.PostgreSql", "src\Kledex.Store.EF.PostgreSql\Kledex.Store.EF.PostgreSql.csproj", "{C5CADA65-356F-4FDA-A1F6-1C22786D42EF}"
EndProject
Project("{9A19103F-16F7-4668-BE54-9A1E7A4F7556}") = "Kledex.Store.EF.Sqlite", "src\Kledex.Store.EF.Sqlite\Kledex.Store.EF.Sqlite.csproj", "{1A1F277E-F7B6-4CE8-BC00-0B92DCB4F977}"
EndProject
Project("{9A19103F-16F7-4668-BE54-9A1E7A4F7556}") = "Kledex.Store.Cosmos.Sql", "src\Kledex.Store.Cosmos.Sql\Kledex.Store.Cosmos.Sql.csproj", "{C7FC8979-2A4B-419B-9D30-C125D45C1FC9}"
EndProject
Project("{9A19103F-16F7-4668-BE54-9A1E7A4F7556}") = "Kledex.Store.Cosmos.Mongo", "src\Kledex.Store.Cosmos.Mongo\Kledex.Store.Cosmos.Mongo.csproj", "{95CB07E0-A387-4ED6-AC91-4FDA7D83979D}"
EndProject
Project("{9A19103F-16F7-4668-BE54-9A1E7A4F7556}") = "Kledex.Tests", "test\Kledex.Tests\Kledex.Tests.csproj", "{BA0FB58E-B8AA-4DC3-95FF-49540C00074D}"
EndProject
Project("{9A19103F-16F7-4668-BE54-9A1E7A4F7556}") = "Kledex.Bus.ServiceBus", "src\Kledex.Bus.ServiceBus\Kledex.Bus.ServiceBus.csproj", "{C3467348-3A8B-4558-B954-6A124E187FC3}"
EndProject
Project("{9A19103F-16F7-4668-BE54-9A1E7A4F7556}") = "Kledex.Store.EF.InMemory", "src\Kledex.Store.EF.InMemory\Kledex.Store.EF.InMemory.csproj", "{15940312-6446-4FD6-B886-49BAC6589D73}"
EndProject
Project("{9A19103F-16F7-4668-BE54-9A1E7A4F7556}") = "Kledex.Bus.RabbitMQ", "src\Kledex.Bus.RabbitMQ\Kledex.Bus.RabbitMQ.csproj", "{BFF4E920-0653-41ED-AB20-4DB9EECD63A0}"
EndProject
Project("{9A19103F-16F7-4668-BE54-9A1E7A4F7556}") = "Kledex.Bus.ServiceBus.Tests", "test\Kledex.Bus.ServiceBus.Tests\Kledex.Bus.ServiceBus.Tests.csproj", "{781016AA-A751-440D-8F02-A73AA128281A}"
EndProject
Project("{2150E333-8FDC-42A3-9474-1A3956D46DE8}") = "samples", "samples", "{FF129AB8-1B8D-4BAA-AB1F-39D2FA497397}"
EndProject
Project("{9A19103F-16F7-4668-BE54-9A1E7A4F7556}") = "Kledex.Sample.NoEventSourcing", "samples\Kledex.Sample.NoEventSourcing\Kledex.Sample.NoEventSourcing.csproj", "{7FC48BED-63CC-4BD0-8A90-27DD4AF7CDCB}"
EndProject
Project("{9A19103F-16F7-4668-BE54-9A1E7A4F7556}") = "Kledex.Sample.EventSourcing", "samples\Kledex.Sample.EventSourcing\Kledex.Sample.EventSourcing.csproj", "{99E0EA26-E961-40A1-A580-BCB255B37838}"
EndProject
Project("{9A19103F-16F7-4668-BE54-9A1E7A4F7556}") = "Kledex.Validation.FluentValidation", "src\Kledex.Validation.FluentValidation\Kledex.Validation.FluentValidation.csproj", "{EC89F18E-266A-4C33-8E70-9F3AB331BB6C}"
EndProject
Project("{9A19103F-16F7-4668-BE54-9A1E7A4F7556}") = "Kledex.Caching.Memory", "src\Kledex.Caching.Memory\Kledex.Caching.Memory.csproj", "{4AA061EE-6DBE-464B-B467-08BDA68D9F40}"
EndProject
Project("{9A19103F-16F7-4668-BE54-9A1E7A4F7556}") = "Kledex.Caching.Redis", "src\Kledex.Caching.Redis\Kledex.Caching.Redis.csproj", "{60755BA7-4F80-4AEC-8B0E-32414C1C6553}"
EndProject
Project("{2150E333-8FDC-42A3-9474-1A3956D46DE8}") = "docs", "docs", "{1282A8FB-D7A5-4562-8B9B-1C27B83EE580}"
	ProjectSection(SolutionItems) = preProject
		docs\Basics.md = docs\Basics.md
		docs\Caching-Queries.md = docs\Caching-Queries.md
		docs\Command-Sequence.md = docs\Command-Sequence.md
		docs\Command-Validation.md = docs\Command-Validation.md
		docs\Commands.md = docs\Commands.md
		docs\Configuration.md = docs\Configuration.md
		docs\Domain-Commands.md = docs\Domain-Commands.md
		docs\Events.md = docs\Events.md
		docs\index.md = docs\index.md
		docs\Installation.md = docs\Installation.md
		docs\Message-Bus.md = docs\Message-Bus.md
		docs\Providers.md = docs\Providers.md
		docs\Queries.md = docs\Queries.md
		docs\Release-Notes.md = docs\Release-Notes.md
		docs\Samples.md = docs\Samples.md
		docs\UI.md = docs\UI.md
		docs\With-Event-Sourcing.md = docs\With-Event-Sourcing.md
		docs\Without-Event-Sourcing.md = docs\Without-Event-Sourcing.md
	EndProjectSection
EndProject
Project("{2150E333-8FDC-42A3-9474-1A3956D46DE8}") = "assets", "assets", "{7883593A-6225-4485-8EAE-E4EF3B799285}"
EndProject
Project("{2150E333-8FDC-42A3-9474-1A3956D46DE8}") = "img", "img", "{05D6EE8E-C356-4BF1-A015-90471F4E682E}"
	ProjectSection(SolutionItems) = preProject
		docs\assets\img\list.PNG = docs\assets\img\list.PNG
		docs\assets\img\product.PNG = docs\assets\img\product.PNG
		docs\assets\img\SendCommandFlow.svg = docs\assets\img\SendCommandFlow.svg
	EndProjectSection
EndProject
Project("{9A19103F-16F7-4668-BE54-9A1E7A4F7556}") = "Kledex.Sample.CommandSequence", "samples\Kledex.Sample.CommandSequence\Kledex.Sample.CommandSequence.csproj", "{6DB19E10-1942-44CC-B592-01A34CEE8C77}"
EndProject
Project("{9A19103F-16F7-4668-BE54-9A1E7A4F7556}") = "Kledex.Store.EF.Cosmos", "src\Kledex.Store.EF.Cosmos\Kledex.Store.EF.Cosmos.csproj", "{E11E8FAB-DE31-4702-8459-2ECCE463EE14}"
EndProject
Global
	GlobalSection(SolutionConfigurationPlatforms) = preSolution
		Debug|Any CPU = Debug|Any CPU
		Release|Any CPU = Release|Any CPU
	EndGlobalSection
	GlobalSection(ProjectConfigurationPlatforms) = postSolution
		{E70FB190-16A9-4C74-86B0-766A135FE556}.Debug|Any CPU.ActiveCfg = Debug|Any CPU
		{E70FB190-16A9-4C74-86B0-766A135FE556}.Debug|Any CPU.Build.0 = Debug|Any CPU
		{E70FB190-16A9-4C74-86B0-766A135FE556}.Release|Any CPU.ActiveCfg = Release|Any CPU
		{E70FB190-16A9-4C74-86B0-766A135FE556}.Release|Any CPU.Build.0 = Release|Any CPU
		{1A11F0DD-BF65-4A0C-B61F-FD89646F2554}.Debug|Any CPU.ActiveCfg = Debug|Any CPU
		{1A11F0DD-BF65-4A0C-B61F-FD89646F2554}.Debug|Any CPU.Build.0 = Debug|Any CPU
		{1A11F0DD-BF65-4A0C-B61F-FD89646F2554}.Release|Any CPU.ActiveCfg = Release|Any CPU
		{1A11F0DD-BF65-4A0C-B61F-FD89646F2554}.Release|Any CPU.Build.0 = Release|Any CPU
		{62C4D2A3-C7D4-41AC-A1AD-2CC2E2F38AFB}.Debug|Any CPU.ActiveCfg = Debug|Any CPU
		{62C4D2A3-C7D4-41AC-A1AD-2CC2E2F38AFB}.Debug|Any CPU.Build.0 = Debug|Any CPU
		{62C4D2A3-C7D4-41AC-A1AD-2CC2E2F38AFB}.Release|Any CPU.ActiveCfg = Release|Any CPU
		{62C4D2A3-C7D4-41AC-A1AD-2CC2E2F38AFB}.Release|Any CPU.Build.0 = Release|Any CPU
		{150521FC-AC83-409B-9D45-D9CA73E1DCA3}.Debug|Any CPU.ActiveCfg = Debug|Any CPU
		{150521FC-AC83-409B-9D45-D9CA73E1DCA3}.Debug|Any CPU.Build.0 = Debug|Any CPU
		{150521FC-AC83-409B-9D45-D9CA73E1DCA3}.Release|Any CPU.ActiveCfg = Release|Any CPU
		{150521FC-AC83-409B-9D45-D9CA73E1DCA3}.Release|Any CPU.Build.0 = Release|Any CPU
		{C5CADA65-356F-4FDA-A1F6-1C22786D42EF}.Debug|Any CPU.ActiveCfg = Debug|Any CPU
		{C5CADA65-356F-4FDA-A1F6-1C22786D42EF}.Debug|Any CPU.Build.0 = Debug|Any CPU
		{C5CADA65-356F-4FDA-A1F6-1C22786D42EF}.Release|Any CPU.ActiveCfg = Release|Any CPU
		{C5CADA65-356F-4FDA-A1F6-1C22786D42EF}.Release|Any CPU.Build.0 = Release|Any CPU
		{1A1F277E-F7B6-4CE8-BC00-0B92DCB4F977}.Debug|Any CPU.ActiveCfg = Debug|Any CPU
		{1A1F277E-F7B6-4CE8-BC00-0B92DCB4F977}.Debug|Any CPU.Build.0 = Debug|Any CPU
		{1A1F277E-F7B6-4CE8-BC00-0B92DCB4F977}.Release|Any CPU.ActiveCfg = Release|Any CPU
		{1A1F277E-F7B6-4CE8-BC00-0B92DCB4F977}.Release|Any CPU.Build.0 = Release|Any CPU
		{C7FC8979-2A4B-419B-9D30-C125D45C1FC9}.Debug|Any CPU.ActiveCfg = Debug|Any CPU
		{C7FC8979-2A4B-419B-9D30-C125D45C1FC9}.Debug|Any CPU.Build.0 = Debug|Any CPU
		{C7FC8979-2A4B-419B-9D30-C125D45C1FC9}.Release|Any CPU.ActiveCfg = Release|Any CPU
		{C7FC8979-2A4B-419B-9D30-C125D45C1FC9}.Release|Any CPU.Build.0 = Release|Any CPU
		{95CB07E0-A387-4ED6-AC91-4FDA7D83979D}.Debug|Any CPU.ActiveCfg = Debug|Any CPU
		{95CB07E0-A387-4ED6-AC91-4FDA7D83979D}.Debug|Any CPU.Build.0 = Debug|Any CPU
		{95CB07E0-A387-4ED6-AC91-4FDA7D83979D}.Release|Any CPU.ActiveCfg = Release|Any CPU
		{95CB07E0-A387-4ED6-AC91-4FDA7D83979D}.Release|Any CPU.Build.0 = Release|Any CPU
		{BA0FB58E-B8AA-4DC3-95FF-49540C00074D}.Debug|Any CPU.ActiveCfg = Debug|Any CPU
		{BA0FB58E-B8AA-4DC3-95FF-49540C00074D}.Debug|Any CPU.Build.0 = Debug|Any CPU
		{BA0FB58E-B8AA-4DC3-95FF-49540C00074D}.Release|Any CPU.ActiveCfg = Release|Any CPU
		{BA0FB58E-B8AA-4DC3-95FF-49540C00074D}.Release|Any CPU.Build.0 = Release|Any CPU
		{C3467348-3A8B-4558-B954-6A124E187FC3}.Debug|Any CPU.ActiveCfg = Debug|Any CPU
		{C3467348-3A8B-4558-B954-6A124E187FC3}.Debug|Any CPU.Build.0 = Debug|Any CPU
		{C3467348-3A8B-4558-B954-6A124E187FC3}.Release|Any CPU.ActiveCfg = Release|Any CPU
		{C3467348-3A8B-4558-B954-6A124E187FC3}.Release|Any CPU.Build.0 = Release|Any CPU
		{15940312-6446-4FD6-B886-49BAC6589D73}.Debug|Any CPU.ActiveCfg = Debug|Any CPU
		{15940312-6446-4FD6-B886-49BAC6589D73}.Debug|Any CPU.Build.0 = Debug|Any CPU
		{15940312-6446-4FD6-B886-49BAC6589D73}.Release|Any CPU.ActiveCfg = Release|Any CPU
		{15940312-6446-4FD6-B886-49BAC6589D73}.Release|Any CPU.Build.0 = Release|Any CPU
		{BFF4E920-0653-41ED-AB20-4DB9EECD63A0}.Debug|Any CPU.ActiveCfg = Debug|Any CPU
		{BFF4E920-0653-41ED-AB20-4DB9EECD63A0}.Debug|Any CPU.Build.0 = Debug|Any CPU
		{BFF4E920-0653-41ED-AB20-4DB9EECD63A0}.Release|Any CPU.ActiveCfg = Release|Any CPU
		{BFF4E920-0653-41ED-AB20-4DB9EECD63A0}.Release|Any CPU.Build.0 = Release|Any CPU
		{781016AA-A751-440D-8F02-A73AA128281A}.Debug|Any CPU.ActiveCfg = Debug|Any CPU
		{781016AA-A751-440D-8F02-A73AA128281A}.Debug|Any CPU.Build.0 = Debug|Any CPU
		{781016AA-A751-440D-8F02-A73AA128281A}.Release|Any CPU.ActiveCfg = Release|Any CPU
		{781016AA-A751-440D-8F02-A73AA128281A}.Release|Any CPU.Build.0 = Release|Any CPU
		{7FC48BED-63CC-4BD0-8A90-27DD4AF7CDCB}.Debug|Any CPU.ActiveCfg = Debug|Any CPU
		{7FC48BED-63CC-4BD0-8A90-27DD4AF7CDCB}.Debug|Any CPU.Build.0 = Debug|Any CPU
		{7FC48BED-63CC-4BD0-8A90-27DD4AF7CDCB}.Release|Any CPU.ActiveCfg = Release|Any CPU
		{7FC48BED-63CC-4BD0-8A90-27DD4AF7CDCB}.Release|Any CPU.Build.0 = Release|Any CPU
		{99E0EA26-E961-40A1-A580-BCB255B37838}.Debug|Any CPU.ActiveCfg = Debug|Any CPU
		{99E0EA26-E961-40A1-A580-BCB255B37838}.Debug|Any CPU.Build.0 = Debug|Any CPU
		{99E0EA26-E961-40A1-A580-BCB255B37838}.Release|Any CPU.ActiveCfg = Release|Any CPU
		{99E0EA26-E961-40A1-A580-BCB255B37838}.Release|Any CPU.Build.0 = Release|Any CPU
		{EC89F18E-266A-4C33-8E70-9F3AB331BB6C}.Debug|Any CPU.ActiveCfg = Debug|Any CPU
		{EC89F18E-266A-4C33-8E70-9F3AB331BB6C}.Debug|Any CPU.Build.0 = Debug|Any CPU
		{EC89F18E-266A-4C33-8E70-9F3AB331BB6C}.Release|Any CPU.ActiveCfg = Release|Any CPU
		{EC89F18E-266A-4C33-8E70-9F3AB331BB6C}.Release|Any CPU.Build.0 = Release|Any CPU
		{4AA061EE-6DBE-464B-B467-08BDA68D9F40}.Debug|Any CPU.ActiveCfg = Debug|Any CPU
		{4AA061EE-6DBE-464B-B467-08BDA68D9F40}.Debug|Any CPU.Build.0 = Debug|Any CPU
		{4AA061EE-6DBE-464B-B467-08BDA68D9F40}.Release|Any CPU.ActiveCfg = Release|Any CPU
		{4AA061EE-6DBE-464B-B467-08BDA68D9F40}.Release|Any CPU.Build.0 = Release|Any CPU
		{60755BA7-4F80-4AEC-8B0E-32414C1C6553}.Debug|Any CPU.ActiveCfg = Debug|Any CPU
		{60755BA7-4F80-4AEC-8B0E-32414C1C6553}.Debug|Any CPU.Build.0 = Debug|Any CPU
		{60755BA7-4F80-4AEC-8B0E-32414C1C6553}.Release|Any CPU.ActiveCfg = Release|Any CPU
		{60755BA7-4F80-4AEC-8B0E-32414C1C6553}.Release|Any CPU.Build.0 = Release|Any CPU
		{6DB19E10-1942-44CC-B592-01A34CEE8C77}.Debug|Any CPU.ActiveCfg = Debug|Any CPU
		{6DB19E10-1942-44CC-B592-01A34CEE8C77}.Debug|Any CPU.Build.0 = Debug|Any CPU
		{6DB19E10-1942-44CC-B592-01A34CEE8C77}.Release|Any CPU.ActiveCfg = Release|Any CPU
		{6DB19E10-1942-44CC-B592-01A34CEE8C77}.Release|Any CPU.Build.0 = Release|Any CPU
		{E11E8FAB-DE31-4702-8459-2ECCE463EE14}.Debug|Any CPU.ActiveCfg = Debug|Any CPU
		{E11E8FAB-DE31-4702-8459-2ECCE463EE14}.Debug|Any CPU.Build.0 = Debug|Any CPU
		{E11E8FAB-DE31-4702-8459-2ECCE463EE14}.Release|Any CPU.ActiveCfg = Release|Any CPU
		{E11E8FAB-DE31-4702-8459-2ECCE463EE14}.Release|Any CPU.Build.0 = Release|Any CPU
	EndGlobalSection
	GlobalSection(SolutionProperties) = preSolution
		HideSolutionNode = FALSE
	EndGlobalSection
	GlobalSection(NestedProjects) = preSolution
		{E70FB190-16A9-4C74-86B0-766A135FE556} = {A9692D21-8091-4A3F-8F7C-54B821EFDF97}
		{1A11F0DD-BF65-4A0C-B61F-FD89646F2554} = {A9692D21-8091-4A3F-8F7C-54B821EFDF97}
		{62C4D2A3-C7D4-41AC-A1AD-2CC2E2F38AFB} = {A9692D21-8091-4A3F-8F7C-54B821EFDF97}
		{150521FC-AC83-409B-9D45-D9CA73E1DCA3} = {A9692D21-8091-4A3F-8F7C-54B821EFDF97}
		{C5CADA65-356F-4FDA-A1F6-1C22786D42EF} = {A9692D21-8091-4A3F-8F7C-54B821EFDF97}
		{1A1F277E-F7B6-4CE8-BC00-0B92DCB4F977} = {A9692D21-8091-4A3F-8F7C-54B821EFDF97}
		{C7FC8979-2A4B-419B-9D30-C125D45C1FC9} = {A9692D21-8091-4A3F-8F7C-54B821EFDF97}
		{95CB07E0-A387-4ED6-AC91-4FDA7D83979D} = {A9692D21-8091-4A3F-8F7C-54B821EFDF97}
		{BA0FB58E-B8AA-4DC3-95FF-49540C00074D} = {54E87113-D720-41C2-A0DE-C4D61FB15AE5}
		{C3467348-3A8B-4558-B954-6A124E187FC3} = {A9692D21-8091-4A3F-8F7C-54B821EFDF97}
		{15940312-6446-4FD6-B886-49BAC6589D73} = {A9692D21-8091-4A3F-8F7C-54B821EFDF97}
		{BFF4E920-0653-41ED-AB20-4DB9EECD63A0} = {A9692D21-8091-4A3F-8F7C-54B821EFDF97}
		{781016AA-A751-440D-8F02-A73AA128281A} = {54E87113-D720-41C2-A0DE-C4D61FB15AE5}
		{7FC48BED-63CC-4BD0-8A90-27DD4AF7CDCB} = {FF129AB8-1B8D-4BAA-AB1F-39D2FA497397}
		{99E0EA26-E961-40A1-A580-BCB255B37838} = {FF129AB8-1B8D-4BAA-AB1F-39D2FA497397}
		{EC89F18E-266A-4C33-8E70-9F3AB331BB6C} = {A9692D21-8091-4A3F-8F7C-54B821EFDF97}
		{4AA061EE-6DBE-464B-B467-08BDA68D9F40} = {A9692D21-8091-4A3F-8F7C-54B821EFDF97}
		{60755BA7-4F80-4AEC-8B0E-32414C1C6553} = {A9692D21-8091-4A3F-8F7C-54B821EFDF97}
		{7883593A-6225-4485-8EAE-E4EF3B799285} = {1282A8FB-D7A5-4562-8B9B-1C27B83EE580}
		{05D6EE8E-C356-4BF1-A015-90471F4E682E} = {7883593A-6225-4485-8EAE-E4EF3B799285}
		{6DB19E10-1942-44CC-B592-01A34CEE8C77} = {FF129AB8-1B8D-4BAA-AB1F-39D2FA497397}
		{E11E8FAB-DE31-4702-8459-2ECCE463EE14} = {A9692D21-8091-4A3F-8F7C-54B821EFDF97}
	EndGlobalSection
	GlobalSection(ExtensibilityGlobals) = postSolution
		SolutionGuid = {154500C3-9A83-4F15-9D78-E1C285AD80AE}
	EndGlobalSection
EndGlobal
