
Microsoft Visual Studio Solution File, Format Version 12.00
# Visual Studio 15
VisualStudioVersion = 15.0.27130.2020
MinimumVisualStudioVersion = 10.0.40219.1
Project("{2150E333-8FDC-42A3-9474-1A3956D46DE8}") = "src", "src", "{A9692D21-8091-4A3F-8F7C-54B821EFDF97}"
	ProjectSection(SolutionItems) = preProject
		src\Directory.Build.props = src\Directory.Build.props
		src\Directory.Build.targets = src\Directory.Build.targets
	EndProjectSection
EndProject
Project("{2150E333-8FDC-42A3-9474-1A3956D46DE8}") = "test", "test", "{54E87113-D720-41C2-A0DE-C4D61FB15AE5}"
	ProjectSection(SolutionItems) = preProject
		test\Directory.Build.props = test\Directory.Build.props
		test\Directory.Build.targets = test\Directory.Build.targets
	EndProjectSection
EndProject
Project("{2150E333-8FDC-42A3-9474-1A3956D46DE8}") = "examples", "examples", "{F791EE52-C0E1-4B23-9D14-4275A7630449}"
EndProject
Project("{2150E333-8FDC-42A3-9474-1A3956D46DE8}") = "Solution Items", "Solution Items", "{EEF09A92-D2CB-4107-A2D8-67FFC42DBC3E}"
	ProjectSection(SolutionItems) = preProject
		Directory.Build.props = Directory.Build.props
		Directory.Build.targets = Directory.Build.targets
		LICENSE = LICENSE
		README.md = README.md
	EndProjectSection
EndProject
Project("{9A19103F-16F7-4668-BE54-9A1E7A4F7556}") = "OpenCqrs", "src\OpenCqrs\OpenCqrs.csproj", "{E70FB190-16A9-4C74-86B0-766A135FE556}"
EndProject
Project("{9A19103F-16F7-4668-BE54-9A1E7A4F7556}") = "OpenCqrs.Store.EF", "src\OpenCqrs.Store.EF\OpenCqrs.Store.EF.csproj", "{1A11F0DD-BF65-4A0C-B61F-FD89646F2554}"
EndProject
Project("{9A19103F-16F7-4668-BE54-9A1E7A4F7556}") = "OpenCqrs.Store.EF.SqlServer", "src\OpenCqrs.Store.EF.SqlServer\OpenCqrs.Store.EF.SqlServer.csproj", "{62C4D2A3-C7D4-41AC-A1AD-2CC2E2F38AFB}"
EndProject
Project("{9A19103F-16F7-4668-BE54-9A1E7A4F7556}") = "OpenCqrs.Store.EF.MySql", "src\OpenCqrs.Store.EF.MySql\OpenCqrs.Store.EF.MySql.csproj", "{150521FC-AC83-409B-9D45-D9CA73E1DCA3}"
EndProject
Project("{9A19103F-16F7-4668-BE54-9A1E7A4F7556}") = "OpenCqrs.Store.EF.PostgreSql", "src\OpenCqrs.Store.EF.PostgreSql\OpenCqrs.Store.EF.PostgreSql.csproj", "{C5CADA65-356F-4FDA-A1F6-1C22786D42EF}"
EndProject
Project("{9A19103F-16F7-4668-BE54-9A1E7A4F7556}") = "OpenCqrs.Store.EF.Sqlite", "src\OpenCqrs.Store.EF.Sqlite\OpenCqrs.Store.EF.Sqlite.csproj", "{1A1F277E-F7B6-4CE8-BC00-0B92DCB4F977}"
EndProject
Project("{9A19103F-16F7-4668-BE54-9A1E7A4F7556}") = "OpenCqrs.Store.Cosmos.Sql", "src\OpenCqrs.Store.Cosmos.Sql\OpenCqrs.Store.Cosmos.Sql.csproj", "{C7FC8979-2A4B-419B-9D30-C125D45C1FC9}"
EndProject
Project("{9A19103F-16F7-4668-BE54-9A1E7A4F7556}") = "OpenCqrs.Store.Cosmos.Mongo", "src\OpenCqrs.Store.Cosmos.Mongo\OpenCqrs.Store.Cosmos.Mongo.csproj", "{95CB07E0-A387-4ED6-AC91-4FDA7D83979D}"
EndProject
Project("{9A19103F-16F7-4668-BE54-9A1E7A4F7556}") = "OpenCqrs.Examples.Domain", "examples\OpenCqrs.Examples.Domain\OpenCqrs.Examples.Domain.csproj", "{C9173FDB-A710-4A5D-B70E-DE9517DB25F6}"
EndProject
Project("{9A19103F-16F7-4668-BE54-9A1E7A4F7556}") = "OpenCqrs.Examples.Reporting", "examples\OpenCqrs.Examples.Reporting\OpenCqrs.Examples.Reporting.csproj", "{EB188642-C052-4931-913A-6A8636B82840}"
EndProject
Project("{9A19103F-16F7-4668-BE54-9A1E7A4F7556}") = "OpenCqrs.Examples.Shared", "examples\OpenCqrs.Examples.Shared\OpenCqrs.Examples.Shared.csproj", "{EEF2634D-703C-4585-A02F-491C6D9EF635}"
EndProject
Project("{9A19103F-16F7-4668-BE54-9A1E7A4F7556}") = "OpenCqrs.Examples.Web.EF.SqlServer", "examples\OpenCqrs.Examples.Web.EF.SqlServer\OpenCqrs.Examples.Web.EF.SqlServer.csproj", "{ADBCCF75-B217-49FC-B925-6661F45B5F40}"
EndProject
Project("{9A19103F-16F7-4668-BE54-9A1E7A4F7556}") = "OpenCqrs.Examples.Web.Cosmos.Sql", "examples\OpenCqrs.Examples.Web.Cosmos.Sql\OpenCqrs.Examples.Web.Cosmos.Sql.csproj", "{18BE9525-FC4D-4421-BB8A-3A78044977FD}"
EndProject
Project("{9A19103F-16F7-4668-BE54-9A1E7A4F7556}") = "OpenCqrs.Tests", "test\OpenCqrs.Tests\OpenCqrs.Tests.csproj", "{BA0FB58E-B8AA-4DC3-95FF-49540C00074D}"
EndProject
Project("{9A19103F-16F7-4668-BE54-9A1E7A4F7556}") = "OpenCqrs.Examples.Web.Cosmos.Mongo", "examples\OpenCqrs.Examples.Web.Cosmos.Mongo\OpenCqrs.Examples.Web.Cosmos.Mongo.csproj", "{E85D6149-3F36-470B-B472-D7AAF7A8DAF1}"
EndProject
Project("{9A19103F-16F7-4668-BE54-9A1E7A4F7556}") = "OpenCqrs.Bus.ServiceBus", "src\OpenCqrs.Bus.ServiceBus\OpenCqrs.Bus.ServiceBus.csproj", "{C3467348-3A8B-4558-B954-6A124E187FC3}"
EndProject
Project("{9A19103F-16F7-4668-BE54-9A1E7A4F7556}") = "OpenCqrs.Store.EF.InMemory", "src\OpenCqrs.Store.EF.InMemory\OpenCqrs.Store.EF.InMemory.csproj", "{15940312-6446-4FD6-B886-49BAC6589D73}"
EndProject
Project("{9A19103F-16F7-4668-BE54-9A1E7A4F7556}") = "OpenCqrs.Bus.Rabbitmq", "src\OpenCqrs.Bus.Rabbitmq\OpenCqrs.Bus.Rabbitmq.csproj", "{CA189D79-723B-402B-BD6D-874286CAF5BE}"
EndProject
Project("{9A19103F-16F7-4668-BE54-9A1E7A4F7556}") = "OpenCqrs.Bus", "src\OpenCqrs.Bus\OpenCqrs.Bus.csproj", "{2566ECCC-691E-47EC-BF81-15542483D255}"
EndProject
Project("{9A19103F-16F7-4668-BE54-9A1E7A4F7556}") = "OpenCqrs.Abstractions", "src\OpenCqrs.Abstractions\OpenCqrs.Abstractions.csproj", "{260C87F1-F465-4E0D-BCD8-F7DBBF5D511D}"
EndProject
Global
	GlobalSection(SolutionConfigurationPlatforms) = preSolution
		Debug|Any CPU = Debug|Any CPU
		Release|Any CPU = Release|Any CPU
	EndGlobalSection
	GlobalSection(ProjectConfigurationPlatforms) = postSolution
		{E70FB190-16A9-4C74-86B0-766A135FE556}.Debug|Any CPU.ActiveCfg = Debug|Any CPU
		{E70FB190-16A9-4C74-86B0-766A135FE556}.Debug|Any CPU.Build.0 = Debug|Any CPU
		{E70FB190-16A9-4C74-86B0-766A135FE556}.Release|Any CPU.ActiveCfg = Release|Any CPU
		{E70FB190-16A9-4C74-86B0-766A135FE556}.Release|Any CPU.Build.0 = Release|Any CPU
		{1A11F0DD-BF65-4A0C-B61F-FD89646F2554}.Debug|Any CPU.ActiveCfg = Debug|Any CPU
		{1A11F0DD-BF65-4A0C-B61F-FD89646F2554}.Debug|Any CPU.Build.0 = Debug|Any CPU
		{1A11F0DD-BF65-4A0C-B61F-FD89646F2554}.Release|Any CPU.ActiveCfg = Release|Any CPU
		{1A11F0DD-BF65-4A0C-B61F-FD89646F2554}.Release|Any CPU.Build.0 = Release|Any CPU
		{62C4D2A3-C7D4-41AC-A1AD-2CC2E2F38AFB}.Debug|Any CPU.ActiveCfg = Debug|Any CPU
		{62C4D2A3-C7D4-41AC-A1AD-2CC2E2F38AFB}.Debug|Any CPU.Build.0 = Debug|Any CPU
		{62C4D2A3-C7D4-41AC-A1AD-2CC2E2F38AFB}.Release|Any CPU.ActiveCfg = Release|Any CPU
		{62C4D2A3-C7D4-41AC-A1AD-2CC2E2F38AFB}.Release|Any CPU.Build.0 = Release|Any CPU
		{150521FC-AC83-409B-9D45-D9CA73E1DCA3}.Debug|Any CPU.ActiveCfg = Debug|Any CPU
		{150521FC-AC83-409B-9D45-D9CA73E1DCA3}.Debug|Any CPU.Build.0 = Debug|Any CPU
		{150521FC-AC83-409B-9D45-D9CA73E1DCA3}.Release|Any CPU.ActiveCfg = Release|Any CPU
		{150521FC-AC83-409B-9D45-D9CA73E1DCA3}.Release|Any CPU.Build.0 = Release|Any CPU
		{C5CADA65-356F-4FDA-A1F6-1C22786D42EF}.Debug|Any CPU.ActiveCfg = Debug|Any CPU
		{C5CADA65-356F-4FDA-A1F6-1C22786D42EF}.Debug|Any CPU.Build.0 = Debug|Any CPU
		{C5CADA65-356F-4FDA-A1F6-1C22786D42EF}.Release|Any CPU.ActiveCfg = Release|Any CPU
		{C5CADA65-356F-4FDA-A1F6-1C22786D42EF}.Release|Any CPU.Build.0 = Release|Any CPU
		{1A1F277E-F7B6-4CE8-BC00-0B92DCB4F977}.Debug|Any CPU.ActiveCfg = Debug|Any CPU
		{1A1F277E-F7B6-4CE8-BC00-0B92DCB4F977}.Debug|Any CPU.Build.0 = Debug|Any CPU
		{1A1F277E-F7B6-4CE8-BC00-0B92DCB4F977}.Release|Any CPU.ActiveCfg = Release|Any CPU
		{1A1F277E-F7B6-4CE8-BC00-0B92DCB4F977}.Release|Any CPU.Build.0 = Release|Any CPU
		{C7FC8979-2A4B-419B-9D30-C125D45C1FC9}.Debug|Any CPU.ActiveCfg = Debug|Any CPU
		{C7FC8979-2A4B-419B-9D30-C125D45C1FC9}.Debug|Any CPU.Build.0 = Debug|Any CPU
		{C7FC8979-2A4B-419B-9D30-C125D45C1FC9}.Release|Any CPU.ActiveCfg = Release|Any CPU
		{C7FC8979-2A4B-419B-9D30-C125D45C1FC9}.Release|Any CPU.Build.0 = Release|Any CPU
		{95CB07E0-A387-4ED6-AC91-4FDA7D83979D}.Debug|Any CPU.ActiveCfg = Debug|Any CPU
		{95CB07E0-A387-4ED6-AC91-4FDA7D83979D}.Debug|Any CPU.Build.0 = Debug|Any CPU
		{95CB07E0-A387-4ED6-AC91-4FDA7D83979D}.Release|Any CPU.ActiveCfg = Release|Any CPU
		{95CB07E0-A387-4ED6-AC91-4FDA7D83979D}.Release|Any CPU.Build.0 = Release|Any CPU
		{C9173FDB-A710-4A5D-B70E-DE9517DB25F6}.Debug|Any CPU.ActiveCfg = Debug|Any CPU
		{C9173FDB-A710-4A5D-B70E-DE9517DB25F6}.Debug|Any CPU.Build.0 = Debug|Any CPU
		{C9173FDB-A710-4A5D-B70E-DE9517DB25F6}.Release|Any CPU.ActiveCfg = Release|Any CPU
		{C9173FDB-A710-4A5D-B70E-DE9517DB25F6}.Release|Any CPU.Build.0 = Release|Any CPU
		{EB188642-C052-4931-913A-6A8636B82840}.Debug|Any CPU.ActiveCfg = Debug|Any CPU
		{EB188642-C052-4931-913A-6A8636B82840}.Debug|Any CPU.Build.0 = Debug|Any CPU
		{EB188642-C052-4931-913A-6A8636B82840}.Release|Any CPU.ActiveCfg = Release|Any CPU
		{EB188642-C052-4931-913A-6A8636B82840}.Release|Any CPU.Build.0 = Release|Any CPU
		{EEF2634D-703C-4585-A02F-491C6D9EF635}.Debug|Any CPU.ActiveCfg = Debug|Any CPU
		{EEF2634D-703C-4585-A02F-491C6D9EF635}.Debug|Any CPU.Build.0 = Debug|Any CPU
		{EEF2634D-703C-4585-A02F-491C6D9EF635}.Release|Any CPU.ActiveCfg = Release|Any CPU
		{EEF2634D-703C-4585-A02F-491C6D9EF635}.Release|Any CPU.Build.0 = Release|Any CPU
		{ADBCCF75-B217-49FC-B925-6661F45B5F40}.Debug|Any CPU.ActiveCfg = Debug|Any CPU
		{ADBCCF75-B217-49FC-B925-6661F45B5F40}.Debug|Any CPU.Build.0 = Debug|Any CPU
		{ADBCCF75-B217-49FC-B925-6661F45B5F40}.Release|Any CPU.ActiveCfg = Release|Any CPU
		{ADBCCF75-B217-49FC-B925-6661F45B5F40}.Release|Any CPU.Build.0 = Release|Any CPU
		{18BE9525-FC4D-4421-BB8A-3A78044977FD}.Debug|Any CPU.ActiveCfg = Debug|Any CPU
		{18BE9525-FC4D-4421-BB8A-3A78044977FD}.Debug|Any CPU.Build.0 = Debug|Any CPU
		{18BE9525-FC4D-4421-BB8A-3A78044977FD}.Release|Any CPU.ActiveCfg = Release|Any CPU
		{18BE9525-FC4D-4421-BB8A-3A78044977FD}.Release|Any CPU.Build.0 = Release|Any CPU
		{BA0FB58E-B8AA-4DC3-95FF-49540C00074D}.Debug|Any CPU.ActiveCfg = Debug|Any CPU
		{BA0FB58E-B8AA-4DC3-95FF-49540C00074D}.Debug|Any CPU.Build.0 = Debug|Any CPU
		{BA0FB58E-B8AA-4DC3-95FF-49540C00074D}.Release|Any CPU.ActiveCfg = Release|Any CPU
		{BA0FB58E-B8AA-4DC3-95FF-49540C00074D}.Release|Any CPU.Build.0 = Release|Any CPU
		{E85D6149-3F36-470B-B472-D7AAF7A8DAF1}.Debug|Any CPU.ActiveCfg = Debug|Any CPU
		{E85D6149-3F36-470B-B472-D7AAF7A8DAF1}.Debug|Any CPU.Build.0 = Debug|Any CPU
		{E85D6149-3F36-470B-B472-D7AAF7A8DAF1}.Release|Any CPU.ActiveCfg = Release|Any CPU
		{E85D6149-3F36-470B-B472-D7AAF7A8DAF1}.Release|Any CPU.Build.0 = Release|Any CPU
		{C3467348-3A8B-4558-B954-6A124E187FC3}.Debug|Any CPU.ActiveCfg = Debug|Any CPU
		{C3467348-3A8B-4558-B954-6A124E187FC3}.Debug|Any CPU.Build.0 = Debug|Any CPU
		{C3467348-3A8B-4558-B954-6A124E187FC3}.Release|Any CPU.ActiveCfg = Release|Any CPU
		{C3467348-3A8B-4558-B954-6A124E187FC3}.Release|Any CPU.Build.0 = Release|Any CPU
		{15940312-6446-4FD6-B886-49BAC6589D73}.Debug|Any CPU.ActiveCfg = Debug|Any CPU
		{15940312-6446-4FD6-B886-49BAC6589D73}.Debug|Any CPU.Build.0 = Debug|Any CPU
		{15940312-6446-4FD6-B886-49BAC6589D73}.Release|Any CPU.ActiveCfg = Release|Any CPU
		{15940312-6446-4FD6-B886-49BAC6589D73}.Release|Any CPU.Build.0 = Release|Any CPU
		{CA189D79-723B-402B-BD6D-874286CAF5BE}.Debug|Any CPU.ActiveCfg = Debug|Any CPU
		{CA189D79-723B-402B-BD6D-874286CAF5BE}.Debug|Any CPU.Build.0 = Debug|Any CPU
		{CA189D79-723B-402B-BD6D-874286CAF5BE}.Release|Any CPU.ActiveCfg = Release|Any CPU
		{CA189D79-723B-402B-BD6D-874286CAF5BE}.Release|Any CPU.Build.0 = Release|Any CPU
		{2566ECCC-691E-47EC-BF81-15542483D255}.Debug|Any CPU.ActiveCfg = Debug|Any CPU
		{2566ECCC-691E-47EC-BF81-15542483D255}.Debug|Any CPU.Build.0 = Debug|Any CPU
		{2566ECCC-691E-47EC-BF81-15542483D255}.Release|Any CPU.ActiveCfg = Release|Any CPU
		{2566ECCC-691E-47EC-BF81-15542483D255}.Release|Any CPU.Build.0 = Release|Any CPU
		{260C87F1-F465-4E0D-BCD8-F7DBBF5D511D}.Debug|Any CPU.ActiveCfg = Debug|Any CPU
		{260C87F1-F465-4E0D-BCD8-F7DBBF5D511D}.Debug|Any CPU.Build.0 = Debug|Any CPU
		{260C87F1-F465-4E0D-BCD8-F7DBBF5D511D}.Release|Any CPU.ActiveCfg = Release|Any CPU
		{260C87F1-F465-4E0D-BCD8-F7DBBF5D511D}.Release|Any CPU.Build.0 = Release|Any CPU
	EndGlobalSection
	GlobalSection(SolutionProperties) = preSolution
		HideSolutionNode = FALSE
	EndGlobalSection
	GlobalSection(NestedProjects) = preSolution
		{E70FB190-16A9-4C74-86B0-766A135FE556} = {A9692D21-8091-4A3F-8F7C-54B821EFDF97}
		{1A11F0DD-BF65-4A0C-B61F-FD89646F2554} = {A9692D21-8091-4A3F-8F7C-54B821EFDF97}
		{62C4D2A3-C7D4-41AC-A1AD-2CC2E2F38AFB} = {A9692D21-8091-4A3F-8F7C-54B821EFDF97}
		{150521FC-AC83-409B-9D45-D9CA73E1DCA3} = {A9692D21-8091-4A3F-8F7C-54B821EFDF97}
		{C5CADA65-356F-4FDA-A1F6-1C22786D42EF} = {A9692D21-8091-4A3F-8F7C-54B821EFDF97}
		{1A1F277E-F7B6-4CE8-BC00-0B92DCB4F977} = {A9692D21-8091-4A3F-8F7C-54B821EFDF97}
		{C7FC8979-2A4B-419B-9D30-C125D45C1FC9} = {A9692D21-8091-4A3F-8F7C-54B821EFDF97}
		{95CB07E0-A387-4ED6-AC91-4FDA7D83979D} = {A9692D21-8091-4A3F-8F7C-54B821EFDF97}
		{C9173FDB-A710-4A5D-B70E-DE9517DB25F6} = {F791EE52-C0E1-4B23-9D14-4275A7630449}
		{EB188642-C052-4931-913A-6A8636B82840} = {F791EE52-C0E1-4B23-9D14-4275A7630449}
		{EEF2634D-703C-4585-A02F-491C6D9EF635} = {F791EE52-C0E1-4B23-9D14-4275A7630449}
		{ADBCCF75-B217-49FC-B925-6661F45B5F40} = {F791EE52-C0E1-4B23-9D14-4275A7630449}
		{18BE9525-FC4D-4421-BB8A-3A78044977FD} = {F791EE52-C0E1-4B23-9D14-4275A7630449}
		{BA0FB58E-B8AA-4DC3-95FF-49540C00074D} = {54E87113-D720-41C2-A0DE-C4D61FB15AE5}
		{E85D6149-3F36-470B-B472-D7AAF7A8DAF1} = {F791EE52-C0E1-4B23-9D14-4275A7630449}
		{C3467348-3A8B-4558-B954-6A124E187FC3} = {A9692D21-8091-4A3F-8F7C-54B821EFDF97}
		{15940312-6446-4FD6-B886-49BAC6589D73} = {A9692D21-8091-4A3F-8F7C-54B821EFDF97}
		{CA189D79-723B-402B-BD6D-874286CAF5BE} = {A9692D21-8091-4A3F-8F7C-54B821EFDF97}
		{2566ECCC-691E-47EC-BF81-15542483D255} = {A9692D21-8091-4A3F-8F7C-54B821EFDF97}
		{260C87F1-F465-4E0D-BCD8-F7DBBF5D511D} = {A9692D21-8091-4A3F-8F7C-54B821EFDF97}
	EndGlobalSection
	GlobalSection(ExtensibilityGlobals) = postSolution
		SolutionGuid = {154500C3-9A83-4F15-9D78-E1C285AD80AE}
	EndGlobalSection
EndGlobal
