
Microsoft Visual Studio Solution File, Format Version 12.00
# Visual Studio 15
VisualStudioVersion = 15.0.26730.12
MinimumVisualStudioVersion = 10.0.40219.1
Project("{9A19103F-16F7-4668-BE54-9A1E7A4F7556}") = "Weapsy.Mediator", "src\Weapsy.Mediator\Weapsy.Mediator.csproj", "{E390A6B0-1447-409B-A751-100AF12C0957}"
EndProject
Project("{9A19103F-16F7-4668-BE54-9A1E7A4F7556}") = "Weapsy.Mediator.Tests", "test\Weapsy.Mediator.Tests\Weapsy.Mediator.Tests.csproj", "{D82A8DA1-AA61-445E-AD5B-7F30FCBA3C84}"
EndProject
Project("{2150E333-8FDC-42A3-9474-1A3956D46DE8}") = "src", "src", "{A9692D21-8091-4A3F-8F7C-54B821EFDF97}"
EndProject
Project("{2150E333-8FDC-42A3-9474-1A3956D46DE8}") = "test", "test", "{54E87113-D720-41C2-A0DE-C4D61FB15AE5}"
EndProject
Project("{2150E333-8FDC-42A3-9474-1A3956D46DE8}") = "examples", "examples", "{F791EE52-C0E1-4B23-9D14-4275A7630449}"
EndProject
Project("{9A19103F-16F7-4668-BE54-9A1E7A4F7556}") = "Weapsy.Mediator.Examples.Domain", "examples\Weapsy.Mediator.Examples.Domain\Weapsy.Mediator.Examples.Domain.csproj", "{A8B554D6-C5FD-453E-849E-DB751CDE2D1F}"
EndProject
Project("{9A19103F-16F7-4668-BE54-9A1E7A4F7556}") = "Weapsy.Mediator.Examples.Web", "examples\Weapsy.Mediator.Examples.Web\Weapsy.Mediator.Examples.Web.csproj", "{F5A74ECB-B531-44D1-94B7-7820BBE2E74F}"
EndProject
Project("{9A19103F-16F7-4668-BE54-9A1E7A4F7556}") = "Weapsy.Mediator.Examples.Reporting", "examples\Weapsy.Mediator.Examples.Reporting\Weapsy.Mediator.Examples.Reporting.csproj", "{373E6EF7-F4B3-482D-B46F-FEF8EFE035D3}"
EndProject
Project("{9A19103F-16F7-4668-BE54-9A1E7A4F7556}") = "Weapsy.Mediator.EventStore.EF", "src\Weapsy.Mediator.EventStore.EF\Weapsy.Mediator.EventStore.EF.csproj", "{1CAE6072-EEBA-4658-8161-1CD82CCD685B}"
EndProject
Project("{9A19103F-16F7-4668-BE54-9A1E7A4F7556}") = "Weapsy.Mediator.EventStore.Xml", "src\Weapsy.Mediator.EventStore.Xml\Weapsy.Mediator.EventStore.Xml.csproj", "{74CAC9A9-7A4D-484E-A788-EA7BF8738B98}"
EndProject
Project("{2150E333-8FDC-42A3-9474-1A3956D46DE8}") = "Solution Items", "Solution Items", "{EEF09A92-D2CB-4107-A2D8-67FFC42DBC3E}"
	ProjectSection(SolutionItems) = preProject
		LICENSE = LICENSE
		README.md = README.md
	EndProjectSection
EndProject
Global
	GlobalSection(SolutionConfigurationPlatforms) = preSolution
		Debug|Any CPU = Debug|Any CPU
		Release|Any CPU = Release|Any CPU
	EndGlobalSection
	GlobalSection(ProjectConfigurationPlatforms) = postSolution
		{E390A6B0-1447-409B-A751-100AF12C0957}.Debug|Any CPU.ActiveCfg = Debug|Any CPU
		{E390A6B0-1447-409B-A751-100AF12C0957}.Debug|Any CPU.Build.0 = Debug|Any CPU
		{E390A6B0-1447-409B-A751-100AF12C0957}.Release|Any CPU.ActiveCfg = Release|Any CPU
		{E390A6B0-1447-409B-A751-100AF12C0957}.Release|Any CPU.Build.0 = Release|Any CPU
		{D82A8DA1-AA61-445E-AD5B-7F30FCBA3C84}.Debug|Any CPU.ActiveCfg = Debug|Any CPU
		{D82A8DA1-AA61-445E-AD5B-7F30FCBA3C84}.Debug|Any CPU.Build.0 = Debug|Any CPU
		{D82A8DA1-AA61-445E-AD5B-7F30FCBA3C84}.Release|Any CPU.ActiveCfg = Release|Any CPU
		{D82A8DA1-AA61-445E-AD5B-7F30FCBA3C84}.Release|Any CPU.Build.0 = Release|Any CPU
		{A8B554D6-C5FD-453E-849E-DB751CDE2D1F}.Debug|Any CPU.ActiveCfg = Debug|Any CPU
		{A8B554D6-C5FD-453E-849E-DB751CDE2D1F}.Debug|Any CPU.Build.0 = Debug|Any CPU
		{A8B554D6-C5FD-453E-849E-DB751CDE2D1F}.Release|Any CPU.ActiveCfg = Release|Any CPU
		{A8B554D6-C5FD-453E-849E-DB751CDE2D1F}.Release|Any CPU.Build.0 = Release|Any CPU
		{F5A74ECB-B531-44D1-94B7-7820BBE2E74F}.Debug|Any CPU.ActiveCfg = Debug|Any CPU
		{F5A74ECB-B531-44D1-94B7-7820BBE2E74F}.Debug|Any CPU.Build.0 = Debug|Any CPU
		{F5A74ECB-B531-44D1-94B7-7820BBE2E74F}.Release|Any CPU.ActiveCfg = Release|Any CPU
		{F5A74ECB-B531-44D1-94B7-7820BBE2E74F}.Release|Any CPU.Build.0 = Release|Any CPU
		{373E6EF7-F4B3-482D-B46F-FEF8EFE035D3}.Debug|Any CPU.ActiveCfg = Debug|Any CPU
		{373E6EF7-F4B3-482D-B46F-FEF8EFE035D3}.Debug|Any CPU.Build.0 = Debug|Any CPU
		{373E6EF7-F4B3-482D-B46F-FEF8EFE035D3}.Release|Any CPU.ActiveCfg = Release|Any CPU
		{373E6EF7-F4B3-482D-B46F-FEF8EFE035D3}.Release|Any CPU.Build.0 = Release|Any CPU
		{1CAE6072-EEBA-4658-8161-1CD82CCD685B}.Debug|Any CPU.ActiveCfg = Debug|Any CPU
		{1CAE6072-EEBA-4658-8161-1CD82CCD685B}.Debug|Any CPU.Build.0 = Debug|Any CPU
		{1CAE6072-EEBA-4658-8161-1CD82CCD685B}.Release|Any CPU.ActiveCfg = Release|Any CPU
		{1CAE6072-EEBA-4658-8161-1CD82CCD685B}.Release|Any CPU.Build.0 = Release|Any CPU
		{74CAC9A9-7A4D-484E-A788-EA7BF8738B98}.Debug|Any CPU.ActiveCfg = Debug|Any CPU
		{74CAC9A9-7A4D-484E-A788-EA7BF8738B98}.Debug|Any CPU.Build.0 = Debug|Any CPU
		{74CAC9A9-7A4D-484E-A788-EA7BF8738B98}.Release|Any CPU.ActiveCfg = Release|Any CPU
		{74CAC9A9-7A4D-484E-A788-EA7BF8738B98}.Release|Any CPU.Build.0 = Release|Any CPU
	EndGlobalSection
	GlobalSection(SolutionProperties) = preSolution
		HideSolutionNode = FALSE
	EndGlobalSection
	GlobalSection(NestedProjects) = preSolution
		{E390A6B0-1447-409B-A751-100AF12C0957} = {A9692D21-8091-4A3F-8F7C-54B821EFDF97}
		{D82A8DA1-AA61-445E-AD5B-7F30FCBA3C84} = {54E87113-D720-41C2-A0DE-C4D61FB15AE5}
		{A8B554D6-C5FD-453E-849E-DB751CDE2D1F} = {F791EE52-C0E1-4B23-9D14-4275A7630449}
		{F5A74ECB-B531-44D1-94B7-7820BBE2E74F} = {F791EE52-C0E1-4B23-9D14-4275A7630449}
		{373E6EF7-F4B3-482D-B46F-FEF8EFE035D3} = {F791EE52-C0E1-4B23-9D14-4275A7630449}
		{1CAE6072-EEBA-4658-8161-1CD82CCD685B} = {A9692D21-8091-4A3F-8F7C-54B821EFDF97}
		{74CAC9A9-7A4D-484E-A788-EA7BF8738B98} = {A9692D21-8091-4A3F-8F7C-54B821EFDF97}
	EndGlobalSection
	GlobalSection(ExtensibilityGlobals) = postSolution
		SolutionGuid = {154500C3-9A83-4F15-9D78-E1C285AD80AE}
	EndGlobalSection
EndGlobal
